# THIS IS AN AUTOGENERATED FILE. DO NOT EDIT THIS FILE DIRECTLY.
# yarn lockfile v1


"@influxdata/influxdb-client-apis@^1.33.1":
  version "1.33.1"
  resolved "https://registry.yarnpkg.com/@influxdata/influxdb-client-apis/-/influxdb-client-apis-1.33.1.tgz#6feea8d060f19af9bb4964d2f913c61df40b82cb"
  integrity sha512-aClNb69MzqXm+WTN4XItX1ThVRKtiIzlHs7ZgbDuJnyrF/xzCo1m/FjUqvRL3hTcy8pkBdtSHtlhZbfNn69tiw==

"@influxdata/influxdb-client@^1.33.1":
  version "1.33.1"
  resolved "https://registry.yarnpkg.com/@influxdata/influxdb-client/-/influxdb-client-1.33.1.tgz#e3eb1edc5096bcada929cbd44420074b4e04180a"
  integrity sha512-MAKevkaXAVMGqCqEHA0bBd10wzHjF4UDk1Dhkx7rWR784VpiOFxFjMBtO7A4f3jJGSdqdMvn8Lr1U/iS8PlVNw==

"@types/node@*":
  version "18.14.0"
  resolved "https://registry.yarnpkg.com/@types/node/-/node-18.14.0.tgz#94c47b9217bbac49d4a67a967fdcdeed89ebb7d0"
  integrity sha512-5EWrvLmglK+imbCJY0+INViFWUHg1AHel1sq4ZVSfdcNqGy9Edv3UB9IIzzg+xPaUcAgZYcfVs2fBcwDeZzU0A==

"@types/ws@^8.5.4":
  version "8.5.4"
  resolved "https://registry.yarnpkg.com/@types/ws/-/ws-8.5.4.tgz#bb10e36116d6e570dd943735f86c933c1587b8a5"
  integrity sha512-zdQDHKUgcX/zBc4GrwsE/7dVdAD8JR4EuiAXiiUhhfyIJXXb2+PrGshFyeXWQPMmmZ2XxgaqclgpIC7eTXc1mg==
  dependencies:
    "@types/node" "*"

ws@^8.12.1:
  version "8.12.1"
  resolved "https://registry.yarnpkg.com/ws/-/ws-8.12.1.tgz#c51e583d79140b5e42e39be48c934131942d4a8f"
  integrity sha512-1qo+M9Ba+xNhPB+YTWUlK6M17brTut5EXbcBaMRN5pH5dFrXz7lzz1ChFSUq3bOUl8yEvSenhHmYUNJxFzdJew==
